{
  "nodes": {
    "cachyos-kernel": {
      "flake": false,
      "locked": {
        "lastModified": 1768669154,
        "narHash": "sha256-n9peTL7TAv1FIsboTEE1nWvuY2HYB67Jhh8o4O/JGfY=",
        "owner": "CachyOS",
        "repo": "linux-cachyos",
        "rev": "4d7506c820f0d18fc0bbc36ecfec8ed126aee682",
        "type": "github"
      },
      "original": {
        "owner": "CachyOS",
        "repo": "linux-cachyos",
        "type": "github"
      }
    },
    "cachyos-kernel-patches": {
      "flake": false,
      "locked": {
        "lastModified": 1768668945,
        "narHash": "sha256-XKQ3DHUnaa/00BfIaY6K8xCZgx0Sy2wXQbNYE/AmWSk=",
        "owner": "CachyOS",
        "repo": "kernel-patches",
        "rev": "cba022ec33a81d60a1e2c9fe4622196e3fef2b54",
        "type": "github"
      },
      "original": {
        "owner": "CachyOS",
        "repo": "kernel-patches",
        "type": "github"
      }
    },
    "catppuccin": {
      "inputs": {
        "nixpkgs": "nixpkgs"
      },
      "locked": {
        "lastModified": 1768575137,
        "narHash": "sha256-e0SsKnkSnq+UwZNS9ZyPJjTjabzq9TRc1hqeDnvOF1Q=",
        "owner": "catppuccin",
        "repo": "nix",
        "rev": "48e67b4ad22072f1ae30b0ed8e1cb020cf06c611",
        "type": "github"
      },
      "original": {
        "owner": "catppuccin",
        "repo": "nix",
        "type": "github"
      }
    },
    "cosmic-manager": {
      "inputs": {
        "flake-parts": "flake-parts",
        "home-manager": [
          "home-manager"
        ],
        "nixpkgs": [
          "nixpkgs"
        ]
      },
      "locked": {
        "lastModified": 1765831383,
        "narHash": "sha256-P5F/VPjjGw7s0AOTPb3z3gxqtH0YkAnd/c9P6QdWrEU=",
        "owner": "HeitorAugustoLN",
        "repo": "cosmic-manager",
        "rev": "819d4d21fb90460dd11416d81d2cff65a53b8a59",
        "type": "github"
      },
      "original": {
        "owner": "HeitorAugustoLN",
        "repo": "cosmic-manager",
        "type": "github"
      }
    },
    "crane": {
      "locked": {
        "lastModified": 1767744144,
        "narHash": "sha256-9/9ntI0D+HbN4G0TrK3KmHbTvwgswz7p8IEJsWyef8Q=",
        "owner": "ipetkov",
        "repo": "crane",
        "rev": "2fb033290bf6b23f226d4c8b32f7f7a16b043d7e",
        "type": "github"
      },
      "original": {
        "owner": "ipetkov",
        "repo": "crane",
        "type": "github"
      }
    },
    "flake-compat": {
      "flake": false,
      "locked": {
        "lastModified": 1767039857,
        "narHash": "sha256-vNpUSpF5Nuw8xvDLj2KCwwksIbjua2LZCqhV1LNRDns=",
        "owner": "NixOS",
        "repo": "flake-compat",
        "rev": "5edf11c44bc78a0d334f6334cdaf7d60d732daab",
        "type": "github"
      },
      "original": {
        "owner": "NixOS",
        "repo": "flake-compat",
        "type": "github"
      }
    },
    "flake-compat_2": {
      "flake": false,
      "locked": {
        "lastModified": 1767039857,
        "narHash": "sha256-vNpUSpF5Nuw8xvDLj2KCwwksIbjua2LZCqhV1LNRDns=",
        "owner": "NixOS",
        "repo": "flake-compat",
        "rev": "5edf11c44bc78a0d334f6334cdaf7d60d732daab",
        "type": "github"
      },
      "original": {
        "owner": "NixOS",
        "repo": "flake-compat",
        "type": "github"
      }
    },
    "flake-parts": {
      "inputs": {
        "nixpkgs-lib": [
          "cosmic-manager",
          "nixpkgs"
        ]
      },
      "locked": {
        "lastModified": 1759362264,
        "narHash": "sha256-wfG0S7pltlYyZTM+qqlhJ7GMw2fTF4mLKCIVhLii/4M=",
        "owner": "hercules-ci",
        "repo": "flake-parts",
        "rev": "758cf7296bee11f1706a574c77d072b8a7baa881",
        "type": "github"
      },
      "original": {
        "owner": "hercules-ci",
        "repo": "flake-parts",
        "type": "github"
      }
    },
    "flake-parts_2": {
      "inputs": {
        "nixpkgs-lib": "nixpkgs-lib"
      },
      "locked": {
        "lastModified": 1767609335,
        "narHash": "sha256-feveD98mQpptwrAEggBQKJTYbvwwglSbOv53uCfH9PY=",
        "owner": "hercules-ci",
        "repo": "flake-parts",
        "rev": "250481aafeb741edfe23d29195671c19b36b6dca",
        "type": "github"
      },
      "original": {
        "owner": "hercules-ci",
        "repo": "flake-parts",
        "type": "github"
      }
    },
    "flake-parts_3": {
      "inputs": {
        "nixpkgs-lib": "nixpkgs-lib_2"
      },
      "locked": {
        "lastModified": 1768135262,
        "narHash": "sha256-PVvu7OqHBGWN16zSi6tEmPwwHQ4rLPU9Plvs8/1TUBY=",
        "owner": "hercules-ci",
        "repo": "flake-parts",
        "rev": "80daad04eddbbf5a4d883996a73f3f542fa437ac",
        "type": "github"
      },
      "original": {
        "owner": "hercules-ci",
        "repo": "flake-parts",
        "type": "github"
      }
    },
    "flake-parts_4": {
      "inputs": {
        "nixpkgs-lib": [
          "nixvim",
          "nixpkgs"
        ]
      },
      "locked": {
        "lastModified": 1765835352,
        "narHash": "sha256-XswHlK/Qtjasvhd1nOa1e8MgZ8GS//jBoTqWtrS1Giw=",
        "owner": "hercules-ci",
        "repo": "flake-parts",
        "rev": "a34fae9c08a15ad73f295041fec82323541400a9",
        "type": "github"
      },
      "original": {
        "owner": "hercules-ci",
        "repo": "flake-parts",
        "type": "github"
      }
    },
    "flake-parts_5": {
      "inputs": {
        "nixpkgs-lib": [
          "steam-config-nix",
          "nixpkgs"
        ]
      },
      "locked": {
        "lastModified": 1765835352,
        "narHash": "sha256-XswHlK/Qtjasvhd1nOa1e8MgZ8GS//jBoTqWtrS1Giw=",
        "owner": "hercules-ci",
        "repo": "flake-parts",
        "rev": "a34fae9c08a15ad73f295041fec82323541400a9",
        "type": "github"
      },
      "original": {
        "owner": "hercules-ci",
        "repo": "flake-parts",
        "type": "github"
      }
    },
    "flake-utils": {
      "inputs": {
        "systems": "systems"
      },
      "locked": {
        "lastModified": 1731533236,
        "narHash": "sha256-l0KFg5HjrsfsO/JpG+r7fRrqm12kzFHyUHqHCVpMMbI=",
        "owner": "numtide",
        "repo": "flake-utils",
        "rev": "11707dc2f618dd54ca8739b309ec4fc024de578b",
        "type": "github"
      },
      "original": {
        "owner": "numtide",
        "repo": "flake-utils",
        "type": "github"
      }
    },
    "gitignore": {
      "inputs": {
        "nixpkgs": [
          "lanzaboote",
          "pre-commit",
          "nixpkgs"
        ]
      },
      "locked": {
        "lastModified": 1709087332,
        "narHash": "sha256-HG2cCnktfHsKV0s4XW83gU3F57gaTljL9KNSuG6bnQs=",
        "owner": "hercules-ci",
        "repo": "gitignore.nix",
        "rev": "637db329424fd7e46cf4185293b9cc8c88c95394",
        "type": "github"
      },
      "original": {
        "owner": "hercules-ci",
        "repo": "gitignore.nix",
        "type": "github"
      }
    },
    "home-manager": {
      "inputs": {
        "nixpkgs": [
          "nixpkgs"
        ]
      },
      "locked": {
        "lastModified": 1768749864,
        "narHash": "sha256-EKRMFBLBRCHrFZ5luX85RTnsN3b2q3FjZEi62vXwJBE=",
        "owner": "nix-community",
        "repo": "home-manager",
        "rev": "5148e08046dc8c74c66b8aee4d302a47d6931b56",
        "type": "github"
      },
      "original": {
        "owner": "nix-community",
        "repo": "home-manager",
        "type": "github"
      }
    },
    "home-manager_2": {
      "inputs": {
        "nixpkgs": [
          "impermanence",
          "nixpkgs"
        ]
      },
      "locked": {
        "lastModified": 1768598210,
        "narHash": "sha256-kkgA32s/f4jaa4UG+2f8C225Qvclxnqs76mf8zvTVPg=",
        "owner": "nix-community",
        "repo": "home-manager",
        "rev": "c47b2cc64a629f8e075de52e4742de688f930dc6",
        "type": "github"
      },
      "original": {
        "owner": "nix-community",
        "repo": "home-manager",
        "type": "github"
      }
    },
    "impermanence": {
      "inputs": {
        "home-manager": "home-manager_2",
        "nixpkgs": [
          "nixpkgs"
        ]
      },
      "locked": {
        "lastModified": 1768749749,
        "narHash": "sha256-LznsuRIp4RyjOy6EuHYbmgMx9MQ2lUSH3ymfNPE+O9w=",
        "owner": "nix-community",
        "repo": "impermanence",
        "rev": "7d905a5a23f26b62c5b68129ef3780409088327a",
        "type": "github"
      },
      "original": {
        "owner": "nix-community",
        "repo": "impermanence",
        "type": "github"
      }
    },
    "ixx": {
      "inputs": {
        "flake-utils": [
          "nix-bwrapper",
          "nuschtosSearch",
          "flake-utils"
        ],
        "nixpkgs": [
          "nix-bwrapper",
          "nuschtosSearch",
          "nixpkgs"
        ]
      },
      "locked": {
        "lastModified": 1754860581,
        "narHash": "sha256-EM0IE63OHxXCOpDHXaTyHIOk2cNvMCGPqLt/IdtVxgk=",
        "owner": "NuschtOS",
        "repo": "ixx",
        "rev": "babfe85a876162c4acc9ab6fb4483df88fa1f281",
        "type": "github"
      },
      "original": {
        "owner": "NuschtOS",
        "ref": "v0.1.1",
        "repo": "ixx",
        "type": "github"
      }
    },
    "lanzaboote": {
      "inputs": {
        "crane": "crane",
        "nixpkgs": [
          "nixpkgs"
        ],
        "pre-commit": "pre-commit",
        "rust-overlay": "rust-overlay"
      },
      "locked": {
        "lastModified": 1768307256,
        "narHash": "sha256-3yDvlAqWa0Vk3B9hFRJJrSs1xc+FwVQFLtu//VrTR4c=",
        "owner": "nix-community",
        "repo": "lanzaboote",
        "rev": "7e031eb535a494582f4fc58735b5aecba7b57058",
        "type": "github"
      },
      "original": {
        "owner": "nix-community",
        "repo": "lanzaboote",
        "type": "github"
      }
    },
    "libnbtplusplus": {
      "flake": false,
      "locked": {
        "lastModified": 1744811532,
        "narHash": "sha256-qhmjaRkt+O7A+gu6HjUkl7QzOEb4r8y8vWZMG2R/C6o=",
        "owner": "PrismLauncher",
        "repo": "libnbtplusplus",
        "rev": "531449ba1c930c98e0bcf5d332b237a8566f9d78",
        "type": "github"
      },
      "original": {
        "owner": "PrismLauncher",
        "repo": "libnbtplusplus",
        "type": "github"
      }
    },
    "mcp-nixos": {
      "inputs": {
        "flake-parts": "flake-parts_2",
        "nixpkgs": [
          "nixpkgs"
        ]
      },
      "locked": {
        "lastModified": 1767822362,
        "narHash": "sha256-rnpIDY/sy/uV+1dsW+MrFwAFE/RHg5K/6aa5k7Yt1Dc=",
        "owner": "utensils",
        "repo": "mcp-nixos",
        "rev": "9706014c1530ba12ff36ca8d9d1717b1e61d29db",
        "type": "github"
      },
      "original": {
        "owner": "utensils",
        "repo": "mcp-nixos",
        "type": "github"
      }
    },
    "niri": {
      "inputs": {
        "nixpkgs": [
          "nixpkgs"
        ],
        "rust-overlay": "rust-overlay_2"
      },
      "locked": {
        "lastModified": 1768678265,
        "narHash": "sha256-Ub8eed4DsfIDWyg30xEe+8bSxL/z5Af/gCjmvJ0V/Hs=",
        "owner": "YaLTeR",
        "repo": "niri",
        "rev": "d7184a04b904e07113f4623610775ae78d32394c",
        "type": "github"
      },
      "original": {
        "owner": "YaLTeR",
        "repo": "niri",
        "type": "github"
      }
    },
    "nix-bwrapper": {
      "inputs": {
        "nixpkgs": [
          "nixpkgs"
        ],
        "nuschtosSearch": "nuschtosSearch",
        "treefmt-nix": "treefmt-nix"
      },
      "locked": {
        "lastModified": 1766319780,
        "narHash": "sha256-Uh5180wjvBtSgtJ9zccZ7hu7bd7nvrnb6ff0nDwT2Rw=",
        "owner": "Naxdy",
        "repo": "nix-bwrapper",
        "rev": "3b0d58d4d3e8da89147369d803926998798443e4",
        "type": "github"
      },
      "original": {
        "owner": "Naxdy",
        "repo": "nix-bwrapper",
        "type": "github"
      }
    },
    "nix-cachyos-kernel": {
      "inputs": {
        "cachyos-kernel": "cachyos-kernel",
        "cachyos-kernel-patches": "cachyos-kernel-patches",
        "flake-compat": "flake-compat_2",
        "flake-parts": "flake-parts_3",
        "nixpkgs": "nixpkgs_4"
      },
      "locked": {
        "lastModified": 1768697537,
        "narHash": "sha256-+3arRjix3ZmBM7ijdB95tkmcuOTrLCIZba7up+YXihY=",
        "owner": "xddxdd",
        "repo": "nix-cachyos-kernel",
        "rev": "a9f4771d31a7fe8a74711b5a77bb77bfddc2d18b",
        "type": "github"
      },
      "original": {
        "owner": "xddxdd",
        "repo": "nix-cachyos-kernel",
        "type": "github"
      }
    },
    "nixpkgs": {
      "locked": {
        "lastModified": 1768305791,
        "narHash": "sha256-AIdl6WAn9aymeaH/NvBj0H9qM+XuAuYbGMZaP0zcXAQ=",
        "owner": "NixOS",
        "repo": "nixpkgs",
        "rev": "1412caf7bf9e660f2f962917c14b1ea1c3bc695e",
        "type": "github"
      },
      "original": {
        "owner": "NixOS",
        "ref": "nixos-unstable",
        "repo": "nixpkgs",
        "type": "github"
      }
    },
    "nixpkgs-lib": {
      "locked": {
        "lastModified": 1765674936,
        "narHash": "sha256-k00uTP4JNfmejrCLJOwdObYC9jHRrr/5M/a/8L2EIdo=",
        "owner": "nix-community",
        "repo": "nixpkgs.lib",
        "rev": "2075416fcb47225d9b68ac469a5c4801a9c4dd85",
        "type": "github"
      },
      "original": {
        "owner": "nix-community",
        "repo": "nixpkgs.lib",
        "type": "github"
      }
    },
    "nixpkgs-lib_2": {
      "locked": {
        "lastModified": 1765674936,
        "narHash": "sha256-k00uTP4JNfmejrCLJOwdObYC9jHRrr/5M/a/8L2EIdo=",
        "owner": "nix-community",
        "repo": "nixpkgs.lib",
        "rev": "2075416fcb47225d9b68ac469a5c4801a9c4dd85",
        "type": "github"
      },
      "original": {
        "owner": "nix-community",
        "repo": "nixpkgs.lib",
        "type": "github"
      }
    },
    "nixpkgs_2": {
      "locked": {
        "lastModified": 1758035966,
        "narHash": "sha256-qqIJ3yxPiB0ZQTT9//nFGQYn8X/PBoJbofA7hRKZnmE=",
        "owner": "NixOS",
        "repo": "nixpkgs",
        "rev": "8d4ddb19d03c65a36ad8d189d001dc32ffb0306b",
        "type": "github"
      },
      "original": {
        "owner": "NixOS",
        "ref": "nixos-unstable",
        "repo": "nixpkgs",
        "type": "github"
      }
    },
    "nixpkgs_3": {
      "locked": {
        "lastModified": 1754340878,
        "narHash": "sha256-lgmUyVQL9tSnvvIvBp7x1euhkkCho7n3TMzgjdvgPoU=",
        "owner": "nixos",
        "repo": "nixpkgs",
        "rev": "cab778239e705082fe97bb4990e0d24c50924c04",
        "type": "github"
      },
      "original": {
        "owner": "nixos",
        "ref": "nixpkgs-unstable",
        "repo": "nixpkgs",
        "type": "github"
      }
    },
    "nixpkgs_4": {
      "locked": {
        "lastModified": 1768640357,
        "narHash": "sha256-NRmPViu76stpOUahRWuR3zMKfY2dKr/qAxRlcqfyps4=",
        "owner": "NixOS",
        "repo": "nixpkgs",
        "rev": "d157866bc6cc1a986f88f6e78a6884efeeec6187",
        "type": "github"
      },
      "original": {
        "owner": "NixOS",
        "ref": "nixos-unstable-small",
        "repo": "nixpkgs",
        "type": "github"
      }
    },
    "nixpkgs_5": {
      "locked": {
        "lastModified": 1768564909,
        "narHash": "sha256-Kell/SpJYVkHWMvnhqJz/8DqQg2b6PguxVWOuadbHCc=",
        "owner": "NixOS",
        "repo": "nixpkgs",
        "rev": "e4bae1bd10c9c57b2cf517953ab70060a828ee6f",
        "type": "github"
      },
      "original": {
        "id": "nixpkgs",
        "ref": "nixos-unstable",
        "type": "indirect"
      }
    },
    "nixvim": {
      "inputs": {
        "flake-parts": "flake-parts_4",
        "nixpkgs": [
          "nixpkgs"
        ],
        "systems": "systems_2"
      },
      "locked": {
        "lastModified": 1768486009,
        "narHash": "sha256-I7ymDe6UQooHy9I9wrafKCCDnRbox/EMWAgJgpm7fGs=",
        "owner": "nix-community",
        "repo": "nixvim",
        "rev": "03a638205b5cb04ba9c2ed6c604e137b15f07fa1",
        "type": "github"
      },
      "original": {
        "owner": "nix-community",
        "repo": "nixvim",
        "type": "github"
      }
    },
    "noctalia": {
      "inputs": {
        "nixpkgs": [
          "nixpkgs"
        ]
      },
      "locked": {
        "lastModified": 1768757767,
        "narHash": "sha256-/z02Cp48mTQBh77DU2c0QefO048a3LHsXtINI/8Vuyc=",
        "owner": "noctalia-dev",
        "repo": "noctalia-shell",
        "rev": "e24582770e0b422adeacd2da2254235dc489a691",
        "type": "github"
      },
      "original": {
        "owner": "noctalia-dev",
        "repo": "noctalia-shell",
        "type": "github"
      }
    },
    "nuschtosSearch": {
      "inputs": {
        "flake-utils": "flake-utils",
        "ixx": "ixx",
        "nixpkgs": "nixpkgs_2"
      },
      "locked": {
        "lastModified": 1758662783,
        "narHash": "sha256-igrxT+/MnmcftPOHEb+XDwAMq3Xg1Xy7kVYQaHhPlAg=",
        "owner": "NuschtOS",
        "repo": "search",
        "rev": "7d4c0fc4ffe3bd64e5630417162e9e04e64b27a4",
        "type": "github"
      },
      "original": {
        "owner": "NuschtOS",
        "repo": "search",
        "type": "github"
      }
    },
    "opencode-flake": {
      "inputs": {
        "nixpkgs": [
          "nixpkgs"
        ]
      },
      "locked": {
        "lastModified": 1766754166,
        "narHash": "sha256-anLh9N8KLqssOMd+xooagd/kLhoU4BChMfEToWmntCg=",
        "owner": "AodhanHayter",
        "repo": "opencode-flake",
        "rev": "57574d4c2d550b24487cb810e2cfcb7c259b0357",
        "type": "github"
      },
      "original": {
        "owner": "AodhanHayter",
        "repo": "opencode-flake",
        "type": "github"
      }
    },
    "pre-commit": {
      "inputs": {
        "flake-compat": "flake-compat",
        "gitignore": "gitignore",
        "nixpkgs": [
          "lanzaboote",
          "nixpkgs"
        ]
      },
      "locked": {
        "lastModified": 1767281941,
        "narHash": "sha256-6MkqajPICgugsuZ92OMoQcgSHnD6sJHwk8AxvMcIgTE=",
        "owner": "cachix",
        "repo": "pre-commit-hooks.nix",
        "rev": "f0927703b7b1c8d97511c4116eb9b4ec6645a0fa",
        "type": "github"
      },
      "original": {
        "owner": "cachix",
        "repo": "pre-commit-hooks.nix",
        "type": "github"
      }
    },
    "prismlauncher": {
      "inputs": {
        "libnbtplusplus": "libnbtplusplus",
        "nixpkgs": [
          "nixpkgs"
        ]
      },
      "locked": {
        "lastModified": 1768691866,
        "narHash": "sha256-MvnxwwfyO4fwozHlMWC4vW8l5GVNuv2ojwWtFOk/fUg=",
        "owner": "PrismLauncher",
        "repo": "PrismLauncher",
        "rev": "e8b5d491545f181599aaba610e53196e658a8bf2",
        "type": "github"
      },
      "original": {
        "owner": "PrismLauncher",
        "repo": "PrismLauncher",
        "type": "github"
      }
    },
    "root": {
      "inputs": {
        "catppuccin": "catppuccin",
        "cosmic-manager": "cosmic-manager",
        "home-manager": "home-manager",
        "impermanence": "impermanence",
        "lanzaboote": "lanzaboote",
        "mcp-nixos": "mcp-nixos",
        "niri": "niri",
        "nix-bwrapper": "nix-bwrapper",
        "nix-cachyos-kernel": "nix-cachyos-kernel",
        "nixpkgs": "nixpkgs_5",
        "nixvim": "nixvim",
        "noctalia": "noctalia",
        "opencode-flake": "opencode-flake",
        "prismlauncher": "prismlauncher",
        "sops-nix": "sops-nix",
        "steam-config-nix": "steam-config-nix"
      }
    },
    "rust-overlay": {
      "inputs": {
        "nixpkgs": [
          "lanzaboote",
          "nixpkgs"
        ]
      },
      "locked": {
        "lastModified": 1768272338,
        "narHash": "sha256-Tg/kL8eKMpZtceDvBDQYU8zowgpr7ucFRnpP/AtfuRM=",
        "owner": "oxalica",
        "repo": "rust-overlay",
        "rev": "03dda130a8701b08b0347fcaf850a190c53a3c1e",
        "type": "github"
      },
      "original": {
        "owner": "oxalica",
        "repo": "rust-overlay",
        "type": "github"
      }
    },
    "rust-overlay_2": {
      "inputs": {
        "nixpkgs": [
          "niri",
          "nixpkgs"
        ]
      },
      "locked": {
        "lastModified": 1757989933,
        "narHash": "sha256-9cpKYWWPCFhgwQTww8S94rTXgg8Q8ydFv9fXM6I8xQM=",
        "owner": "oxalica",
        "repo": "rust-overlay",
        "rev": "8249aa3442fb9b45e615a35f39eca2fe5510d7c3",
        "type": "github"
      },
      "original": {
        "owner": "oxalica",
        "repo": "rust-overlay",
        "type": "github"
      }
    },
    "sops-nix": {
      "inputs": {
        "nixpkgs": [
          "nixpkgs"
        ]
      },
      "locked": {
        "lastModified": 1768709255,
        "narHash": "sha256-aigyBfxI20FRtqajVMYXHtj5gHXENY2gLAXEhfJ8/WM=",
        "owner": "Mic92",
        "repo": "sops-nix",
        "rev": "5e8fae80726b66e9fec023d21cd3b3e638597aa9",
        "type": "github"
      },
      "original": {
        "owner": "Mic92",
        "repo": "sops-nix",
        "type": "github"
      }
    },
    "steam-config-nix": {
      "inputs": {
        "flake-parts": "flake-parts_5",
        "nixpkgs": [
          "nixpkgs"
        ],
        "systems": "systems_3"
      },
      "locked": {
        "lastModified": 1768615900,
        "narHash": "sha256-5Xfic5IZvg92mcW0sq+kFOh1PWgH7DO5WkxPYsDFDcY=",
        "owner": "different-name",
        "repo": "steam-config-nix",
        "rev": "083054c75cda3d5de25d6fc61aa3e779563c57f8",
        "type": "github"
      },
      "original": {
        "owner": "different-name",
        "repo": "steam-config-nix",
        "type": "github"
      }
    },
    "systems": {
      "locked": {
        "lastModified": 1681028828,
        "narHash": "sha256-Vy1rq5AaRuLzOxct8nz4T6wlgyUR7zLU309k9mBC768=",
        "owner": "nix-systems",
        "repo": "default",
        "rev": "da67096a3b9bf56a91d16901293e51ba5b49a27e",
        "type": "github"
      },
      "original": {
        "owner": "nix-systems",
        "repo": "default",
        "type": "github"
      }
    },
    "systems_2": {
      "locked": {
        "lastModified": 1681028828,
        "narHash": "sha256-Vy1rq5AaRuLzOxct8nz4T6wlgyUR7zLU309k9mBC768=",
        "owner": "nix-systems",
        "repo": "default",
        "rev": "da67096a3b9bf56a91d16901293e51ba5b49a27e",
        "type": "github"
      },
      "original": {
        "owner": "nix-systems",
        "repo": "default",
        "type": "github"
      }
    },
    "systems_3": {
      "locked": {
        "lastModified": 1681028828,
        "narHash": "sha256-Vy1rq5AaRuLzOxct8nz4T6wlgyUR7zLU309k9mBC768=",
        "owner": "nix-systems",
        "repo": "default",
        "rev": "da67096a3b9bf56a91d16901293e51ba5b49a27e",
        "type": "github"
      },
      "original": {
        "owner": "nix-systems",
        "repo": "default",
        "type": "github"
      }
    },
    "treefmt-nix": {
      "inputs": {
        "nixpkgs": "nixpkgs_3"
      },
      "locked": {
        "lastModified": 1758728421,
        "narHash": "sha256-ySNJ008muQAds2JemiyrWYbwbG+V7S5wg3ZVKGHSFu8=",
        "owner": "numtide",
        "repo": "treefmt-nix",
        "rev": "5eda4ee8121f97b218f7cc73f5172098d458f1d1",
        "type": "github"
      },
      "original": {
        "owner": "numtide",
        "repo": "treefmt-nix",
        "type": "github"
      }
    }
  },
  "root": "root",
  "version": 7
}
